
Microsoft Visual Studio Solution File, Format Version 12.00
# Visual Studio Version 17
VisualStudioVersion = 17.11.35312.102
MinimumVisualStudioVersion = 10.0.40219.1
Project("{FAE04EC0-301F-11D3-BF4B-00C04F79EFBC}") = "Lab1.4", "Lab1.4.csproj", "{FD67861F-0C86-4A86-8EC6-69039DB0CD8B}"
EndProject
Global
	GlobalSection(SolutionConfigurationPlatforms) = preSolution
		Debug|Any CPU = Debug|Any CPU
		Release|Any CPU = Release|Any CPU
	EndGlobalSection
	GlobalSection(ProjectConfigurationPlatforms) = postSolution
		{FD67861F-0C86-4A86-8EC6-69039DB0CD8B}.Debug|Any CPU.ActiveCfg = Debug|Any CPU
		{FD67861F-0C86-4A86-8EC6-69039DB0CD8B}.Debug|Any CPU.Build.0 = Debug|Any CPU
		{FD67861F-0C86-4A86-8EC6-69039DB0CD8B}.Release|Any CPU.ActiveCfg = Release|Any CPU
		{FD67861F-0C86-4A86-8EC6-69039DB0CD8B}.Release|Any CPU.Build.0 = Release|Any CPU
	EndGlobalSection
	GlobalSection(SolutionProperties) = preSolution
		HideSolutionNode = FALSE
	EndGlobalSection
	GlobalSection(ExtensibilityGlobals) = postSolution
		SolutionGuid = {EB86712C-5562-44A7-AF4C-F24852A8A3D9}
	EndGlobalSection
EndGlobal
